
Microsoft Visual Studio Solution File, Format Version 12.00
# Visual Studio 15
VisualStudioVersion = 15.0.28307.757
MinimumVisualStudioVersion = 10.0.40219.1
Project("{FAE04EC0-301F-11D3-BF4B-00C04F79EFBC}") = "ContentSecurityPolicy", "ContentSecurityPolicy\ContentSecurityPolicy.csproj", "{ED5A08A4-0DF0-46DA-B4BD-72D8BB0665A4}"
EndProject
Global
	GlobalSection(SolutionConfigurationPlatforms) = preSolution
		Debug|Any CPU = Debug|Any CPU
		Release|Any CPU = Release|Any CPU
	EndGlobalSection
	GlobalSection(ProjectConfigurationPlatforms) = postSolution
		{ED5A08A4-0DF0-46DA-B4BD-72D8BB0665A4}.Debug|Any CPU.ActiveCfg = Debug|Any CPU
		{ED5A08A4-0DF0-46DA-B4BD-72D8BB0665A4}.Debug|Any CPU.Build.0 = Debug|Any CPU
		{ED5A08A4-0DF0-46DA-B4BD-72D8BB0665A4}.Release|Any CPU.ActiveCfg = Release|Any CPU
		{ED5A08A4-0DF0-46DA-B4BD-72D8BB0665A4}.Release|Any CPU.Build.0 = Release|Any CPU
	EndGlobalSection
	GlobalSection(SolutionProperties) = preSolution
		HideSolutionNode = FALSE
	EndGlobalSection
	GlobalSection(ExtensibilityGlobals) = postSolution
		SolutionGuid = {FF49F2E8-5E5E-4F7D-8CF9-F5FAB4A8553B}
	EndGlobalSection
EndGlobal
